Microsoft Visual Studio Solution File, Format Version 12.00
# Visual Studio Version 17
VisualStudioVersion = 17.5.2.0
MinimumVisualStudioVersion = 10.0.40219.1
Project("{9A19103F-16F7-4668-BE54-9A1E7A4F7556}") = "BlazorApi", "BlazorApi\BlazorApi.csproj", "{C59D83EA-BC37-5786-6E4F-0B99E2E03843}"
EndProject
Project("{9A19103F-16F7-4668-BE54-9A1E7A4F7556}") = "BlazorWasmApp", "BlazorWasmApp\BlazorWasmApp.csproj", "{0871EAD6-7442-F84E-628E-63C98B73EEB9}"
EndProject
Global
	GlobalSection(SolutionConfigurationPlatforms) = preSolution
		Debug|Any CPU = Debug|Any CPU
		Release|Any CPU = Release|Any CPU
	EndGlobalSection
	GlobalSection(ProjectConfigurationPlatforms) = postSolution
		{C59D83EA-BC37-5786-6E4F-0B99E2E03843}.Debug|Any CPU.ActiveCfg = Debug|Any CPU
		{C59D83EA-BC37-5786-6E4F-0B99E2E03843}.Debug|Any CPU.Build.0 = Debug|Any CPU
		{C59D83EA-BC37-5786-6E4F-0B99E2E03843}.Release|Any CPU.ActiveCfg = Release|Any CPU
		{C59D83EA-BC37-5786-6E4F-0B99E2E03843}.Release|Any CPU.Build.0 = Release|Any CPU
		{0871EAD6-7442-F84E-628E-63C98B73EEB9}.Debug|Any CPU.ActiveCfg = Debug|Any CPU
		{0871EAD6-7442-F84E-628E-63C98B73EEB9}.Debug|Any CPU.Build.0 = Debug|Any CPU
		{0871EAD6-7442-F84E-628E-63C98B73EEB9}.Release|Any CPU.ActiveCfg = Release|Any CPU
		{0871EAD6-7442-F84E-628E-63C98B73EEB9}.Release|Any CPU.Build.0 = Release|Any CPU
	EndGlobalSection
	GlobalSection(SolutionProperties) = preSolution
		HideSolutionNode = FALSE
	EndGlobalSection
	GlobalSection(ExtensibilityGlobals) = postSolution
		SolutionGuid = {D96B8AC1-FEB8-4962-94FC-4A3710FF1ACE}
	EndGlobalSection
EndGlobal
